// !$*UTF8*$!
{
	archiveVersion = 1;
	classes = {
	};
	objectVersion = 46;
	objects = {

/* Begin PBXBuildFile section */
		8CEB29FF1B939C26005FFC2B /* AppDelegate.swift in Sources */ = {isa = PBXBuildFile; fileRef = 8CEB29FE1B939C26005FFC2B /* AppDelegate.swift */; };
		8CEB2A011B939C26005FFC2B /* ViewController.swift in Sources */ = {isa = PBXBuildFile; fileRef = 8CEB2A001B939C26005FFC2B /* ViewController.swift */; };
		8CEB2A041B939C26005FFC2B /* Main.storyboard in Resources */ = {isa = PBXBuildFile; fileRef = 8CEB2A021B939C26005FFC2B /* Main.storyboard */; };
		8CEB2A061B939C26005FFC2B /* Images.xcassets in Resources */ = {isa = PBXBuildFile; fileRef = 8CEB2A051B939C26005FFC2B /* Images.xcassets */; };
		8CEB2A091B939C26005FFC2B /* LaunchScreen.xib in Resources */ = {isa = PBXBuildFile; fileRef = 8CEB2A071B939C26005FFC2B /* LaunchScreen.xib */; };
		8CEB2A151B939C26005FFC2B /* NoteListTests.swift in Sources */ = {isa = PBXBuildFile; fileRef = 8CEB2A141B939C26005FFC2B /* NoteListTests.swift */; };
/* End PBXBuildFile section */

/* Begin PBXContainerItemProxy section */
		8CEB2A0F1B939C26005FFC2B /* PBXContainerItemProxy */ = {
			isa = PBXContainerItemProxy;
			containerPortal = 8CEB29F11B939C25005FFC2B /* Project object */;
			proxyType = 1;
			remoteGlobalIDString = 8CEB29F81B939C25005FFC2B;
			remoteInfo = NoteList;
		};
/* End PBXContainerItemProxy section */

/* Begin PBXFileReference section */
		8CEB29F91B939C25005FFC2B /* NoteList.app */ = {isa = PBXFileReference; explicitFileType = wrapper.application; includeInIndex = 0; path = NoteList.app; sourceTree = BUILT_PRODUCTS_DIR; };
		8CEB29FD1B939C26005FFC2B /* Info.plist */ = {isa = PBXFileReference; lastKnownFileType = text.plist.xml; path = Info.plist; sourceTree = "<group>"; };
		8CEB29FE1B939C26005FFC2B /* AppDelegate.swift */ = {isa = PBXFileReference; lastKnownFileType = sourcecode.swift; path = AppDelegate.swift; sourceTree = "<group>"; };
		8CEB2A001B939C26005FFC2B /* ViewController.swift */ = {isa = PBXFileReference; lastKnownFileType = sourcecode.swift; path = ViewController.swift; sourceTree = "<group>"; };
		8CEB2A031B939C26005FFC2B /* Base */ = {isa = PBXFileReference; lastKnownFileType = file.storyboard; name = Base; path = Base.lproj/Main.storyboard; sourceTree = "<group>"; };
		8CEB2A051B939C26005FFC2B /* Images.xcassets */ = {isa = PBXFileReference; lastKnownFileType = folder.assetcatalog; path = Images.xcassets; sourceTree = "<group>"; };
		8CEB2A081B939C26005FFC2B /* Base */ = {isa = PBXFileReference; lastKnownFileType = file.xib; name = Base; path = Base.lproj/LaunchScreen.xib; sourceTree = "<group>"; };
		8CEB2A0E1B939C26005FFC2B /* NoteListTests.xctest */ = {isa = PBXFileReference; explicitFileType = wrapper.cfbundle; includeInIndex = 0; path = NoteListTests.xctest; sourceTree = BUILT_PRODUCTS_DIR; };
		8CEB2A131B939C26005FFC2B /* Info.plist */ = {isa = PBXFileReference; lastKnownFileType = text.plist.xml; path = Info.plist; sourceTree = "<group>"; };
		8CEB2A141B939C26005FFC2B /* NoteListTests.swift */ = {isa = PBXFileReference; lastKnownFileType = sourcecode.swift; path = NoteListTests.swift; sourceTree = "<group>"; };
/* End PBXFileReference section */

/* Begin PBXFrameworksBuildPhase section */
		8CEB29F61B939C25005FFC2B /* Frameworks */ = {
			isa = PBXFrameworksBuildPhase;
			buildActionMask = 2147483647;
			files = (
			);
			runOnlyForDeploymentPostprocessing = 0;
		};
		8CEB2A0B1B939C26005FFC2B /* Frameworks */ = {
			isa = PBXFrameworksBuildPhase;
			buildActionMask = 2147483647;
			files = (
			);
			runOnlyForDeploymentPostprocessing = 0;
		};
/* End PBXFrameworksBuildPhase section */

/* Begin PBXGroup section */
		8CEB29F01B939C25005FFC2B = {
			isa = PBXGroup;
			children = (
				8CEB29FB1B939C25005FFC2B /* NoteList */,
				8CEB2A111B939C26005FFC2B /* NoteListTests */,
				8CEB29FA1B939C25005FFC2B /* Products */,
			);
			sourceTree = "<group>";
		};
		8CEB29FA1B939C25005FFC2B /* Products */ = {
			isa = PBXGroup;
			children = (
				8CEB29F91B939C25005FFC2B /* NoteList.app */,
				8CEB2A0E1B939C26005FFC2B /* NoteListTests.xctest */,
			);
			name = Products;
			sourceTree = "<group>";
		};
		8CEB29FB1B939C25005FFC2B /* NoteList */ = {
			isa = PBXGroup;
			children = (
				8CEB29FE1B939C26005FFC2B /* AppDelegate.swift */,
				8CEB2A001B939C26005FFC2B /* ViewController.swift */,
				8CEB2A021B939C26005FFC2B /* Main.storyboard */,
				8CEB2A051B939C26005FFC2B /* Images.xcassets */,
				8CEB2A071B939C26005FFC2B /* LaunchScreen.xib */,
				8CEB29FC1B939C25005FFC2B /* Supporting Files */,
			);
			path = NoteList;
			sourceTree = "<group>";
		};
		8CEB29FC1B939C25005FFC2B /* Supporting Files */ = {
			isa = PBXGroup;
			children = (
				8CEB29FD1B939C26005FFC2B /* Info.plist */,
			);
			name = "Supporting Files";
			sourceTree = "<group>";
		};
		8CEB2A111B939C26005FFC2B /* NoteListTests */ = {
			isa = PBXGroup;
			children = (
				8CEB2A141B939C26005FFC2B /* NoteListTests.swift */,
				8CEB2A121B939C26005FFC2B /* Supporting Files */,
			);
			path = NoteListTests;
			sourceTree = "<group>";
		};
		8CEB2A121B939C26005FFC2B /* Supporting Files */ = {
			isa = PBXGroup;
			children = (
				8CEB2A131B939C26005FFC2B /* Info.plist */,
			);
			name = "Supporting Files";
			sourceTree = "<group>";
		};
/* End PBXGroup section */

/* Begin PBXNativeTarget section */
		8CEB29F81B939C25005FFC2B /* NoteList */ = {
			isa = PBXNativeTarget;
			buildConfigurationList = 8CEB2A181B939C26005FFC2B /* Build configuration list for PBXNativeTarget "NoteList" */;
			buildPhases = (
				8CEB29F51B939C25005FFC2B /* Sources */,
				8CEB29F61B939C25005FFC2B /* Frameworks */,
				8CEB29F71B939C25005FFC2B /* Resources */,
			);
			buildRules = (
			);
			dependencies = (
			);
			name = NoteList;
			productName = NoteList;
			productReference = 8CEB29F91B939C25005FFC2B /* NoteList.app */;
			productType = "com.apple.product-type.application";
		};
		8CEB2A0D1B939C26005FFC2B /* NoteListTests */ = {
			isa = PBXNativeTarget;
			buildConfigurationList = 8CEB2A1B1B939C26005FFC2B /* Build configuration list for PBXNativeTarget "NoteListTests" */;
			buildPhases = (
				8CEB2A0A1B939C26005FFC2B /* Sources */,
				8CEB2A0B1B939C26005FFC2B /* Frameworks */,
				8CEB2A0C1B939C26005FFC2B /* Resources */,
			);
			buildRules = (
			);
			dependencies = (
				8CEB2A101B939C26005FFC2B /* PBXTargetDependency */,
			);
			name = NoteListTests;
			productName = NoteListTests;
			productReference = 8CEB2A0E1B939C26005FFC2B /* NoteListTests.xctest */;
			productType = "com.apple.product-type.bundle.unit-test";
		};
/* End PBXNativeTarget section */

/* Begin PBXProject section */
		8CEB29F11B939C25005FFC2B /* Project object */ = {
			isa = PBXProject;
			attributes = {
				LastUpgradeCheck = 0640;
				ORGANIZATIONNAME = "Clayton Minicus";
				TargetAttributes = {
					8CEB29F81B939C25005FFC2B = {
						CreatedOnToolsVersion = 6.4;
					};
					8CEB2A0D1B939C26005FFC2B = {
						CreatedOnToolsVersion = 6.4;
						TestTargetID = 8CEB29F81B939C25005FFC2B;
					};
				};
			};
			buildConfigurationList = 8CEB29F41B939C25005FFC2B /* Build configuration list for PBXProject "NoteList" */;
			compatibilityVersion = "Xcode 3.2";
			developmentRegion = English;
			hasScannedForEncodings = 0;
			knownRegions = (
				en,
				Base,
			);
			mainGroup = 8CEB29F01B939C25005FFC2B;
			productRefGroup = 8CEB29FA1B939C25005FFC2B /* Products */;
			projectDirPath = "";
			projectRoot = "";
			targets = (
				8CEB29F81B939C25005FFC2B /* NoteList */,
				8CEB2A0D1B939C26005FFC2B /* NoteListTests */,
			);
		};
/* End PBXProject section */

/* Begin PBXResourcesBuildPhase section */
		8CEB29F71B939C25005FFC2B /* Resources */ = {
			isa = PBXResourcesBuildPhase;
			buildActionMask = 2147483647;
			files = (
				8CEB2A041B939C26005FFC2B /* Main.storyboard in Resources */,
				8CEB2A091B939C26005FFC2B /* LaunchScreen.xib in Resources */,
				8CEB2A061B939C26005FFC2B /* Images.xcassets in Resources */,
			);
			runOnlyForDeploymentPostprocessing = 0;
		};
		8CEB2A0C1B939C26005FFC2B /* Resources */ = {
			isa = PBXResourcesBuildPhase;
			buildActionMask = 2147483647;
			files = (
			);
			runOnlyForDeploymentPostprocessing = 0;
		};
/* End PBXResourcesBuildPhase section */

/* Begin PBXSourcesBuildPhase section */
		8CEB29F51B939C25005FFC2B /* Sources */ = {
			isa = PBXSourcesBuildPhase;
			buildActionMask = 2147483647;
			files = (
				8CEB2A011B939C26005FFC2B /* ViewController.swift in Sources */,
				8CEB29FF1B939C26005FFC2B /* AppDelegate.swift in Sources */,
			);
			runOnlyForDeploymentPostprocessing = 0;
		};
		8CEB2A0A1B939C26005FFC2B /* Sources */ = {
			isa = PBXSourcesBuildPhase;
			buildActionMask = 2147483647;
			files = (
				8CEB2A151B939C26005FFC2B /* NoteListTests.swift in Sources */,
			);
			runOnlyForDeploymentPostprocessing = 0;
		};
/* End PBXSourcesBuildPhase section */

/* Begin PBXTargetDependency section */
		8CEB2A101B939C26005FFC2B /* PBXTargetDependency */ = {
			isa = PBXTargetDependency;
			target = 8CEB29F81B939C25005FFC2B /* NoteList */;
			targetProxy = 8CEB2A0F1B939C26005FFC2B /* PBXContainerItemProxy */;
		};
/* End PBXTargetDependency section */

/* Begin PBXVariantGroup section */
		8CEB2A021B939C26005FFC2B /* Main.storyboard */ = {
			isa = PBXVariantGroup;
			children = (
				8CEB2A031B939C26005FFC2B /* Base */,
			);
			name = Main.storyboard;
			sourceTree = "<group>";
		};
		8CEB2A071B939C26005FFC2B /* LaunchScreen.xib */ = {
			isa = PBXVariantGroup;
			children = (
				8CEB2A081B939C26005FFC2B /* Base */,
			);
			name = LaunchScreen.xib;
			sourceTree = "<group>";
		};
/* End PBXVariantGroup section */

/* Begin XCBuildConfiguration section */
		8CEB2A161B939C26005FFC2B /* Debug */ = {
			isa = XCBuildConfiguration;
			buildSettings = {
				ALWAYS_SEARCH_USER_PATHS = NO;
				CLANG_CXX_LANGUAGE_STANDARD = "gnu++0x";
				CLANG_CXX_LIBRARY = "libc++";
				CLANG_ENABLE_MODULES = YES;
				CLANG_ENABLE_OBJC_ARC = YES;
				CLANG_WARN_BOOL_CONVERSION = YES;
				CLANG_WARN_CONSTANT_CONVERSION = YES;
				CLANG_WARN_DIRECT_OBJC_ISA_USAGE = YES_ERROR;
				CLANG_WARN_EMPTY_BODY = YES;
				CLANG_WARN_ENUM_CONVERSION = YES;
				CLANG_WARN_INT_CONVERSION = YES;
				CLANG_WARN_OBJC_ROOT_CLASS = YES_ERROR;
				CLANG_WARN_UNREACHABLE_CODE = YES;
				CLANG_WARN__DUPLICATE_METHOD_MATCH = YES;
				"CODE_SIGN_IDENTITY[sdk=iphoneos*]" = "iPhone Developer";
				COPY_PHASE_STRIP = NO;
				DEBUG_INFORMATION_FORMAT = "dwarf-with-dsym";
				ENABLE_STRICT_OBJC_MSGSEND = YES;
				GCC_C_LANGUAGE_STANDARD = gnu99;
				GCC_DYNAMIC_NO_PIC = NO;
				GCC_NO_COMMON_BLOCKS = YES;
				GCC_OPTIMIZATION_LEVEL = 0;
				GCC_PREPROCESSOR_DEFINITIONS = (
					"DEBUG=1",
					"$(inherited)",
				);
				GCC_SYMBOLS_PRIVATE_EXTERN = NO;
				GCC_WARN_64_TO_32_BIT_CONVERSION = YES;
				GCC_WARN_ABOUT_RETURN_TYPE = YES_ERROR;
				GCC_WARN_UNDECLARED_SELECTOR = YES;
				GCC_WARN_UNINITIALIZED_AUTOS = YES_AGGRESSIVE;
				GCC_WARN_UNUSED_FUNCTION = YES;
				GCC_WARN_UNUSED_VARIABLE = YES;
				IPHONEOS_DEPLOYMENT_TARGET = 8.4;
				MTL_ENABLE_DEBUG_INFO = YES;
				ONLY_ACTIVE_ARCH = YES;
				SDKROOT = iphoneos;
				SWIFT_OPTIMIZATION_LEVEL = "-Onone";
			};
			name = Debug;
		};
		8CEB2A171B939C26005FFC2B /* Release */ = {
			isa = XCBuildConfiguration;
			buildSettings = {
				ALWAYS_SEARCH_USER_PATHS = NO;
				CLANG_CXX_LANGUAGE_STANDARD = "gnu++0x";
				CLANG_CXX_LIBRARY = "libc++";
				CLANG_ENABLE_MODULES = YES;
				CLANG_ENABLE_OBJC_ARC = YES;
				CLANG_WARN_BOOL_CONVERSION = YES;
				CLANG_WARN_CONSTANT_CONVERSION = YES;
				CLANG_WARN_DIRECT_OBJC_ISA_USAGE = YES_ERROR;
				CLANG_WARN_EMPTY_BODY = YES;
				CLANG_WARN_ENUM_CONVERSION = YES;
				CLANG_WARN_INT_CONVERSION = YES;
				CLANG_WARN_OBJC_ROOT_CLASS = YES_ERROR;
				CLANG_WARN_UNREACHABLE_CODE = YES;
				CLANG_WARN__DUPLICATE_METHOD_MATCH = YES;
				"CODE_SIGN_IDENTITY[sdk=iphoneos*]" = "iPhone Developer";
				COPY_PHASE_STRIP = NO;
				DEBUG_INFORMATION_FORMAT = "dwarf-with-dsym";
				ENABLE_NS_ASSERTIONS = NO;
				ENABLE_STRICT_OBJC_MSGSEND = YES;
				GCC_C_LANGUAGE_STANDARD = gnu99;
				GCC_NO_COMMON_BLOCKS = YES;
				GCC_WARN_64_TO_32_BIT_CONVERSION = YES;
				GCC_WARN_ABOUT_RETURN_TYPE = YES_ERROR;
				GCC_WARN_UNDECLARED_SELECTOR = YES;
				GCC_WARN_UNINITIALIZED_AUTOS = YES_AGGRESSIVE;
				GCC_WARN_UNUSED_FUNCTION = YES;
				GCC_WARN_UNUSED_VARIABLE = YES;
				IPHONEOS_DEPLOYMENT_TARGET = 8.4;
				MTL_ENABLE_DEBUG_INFO = NO;
				SDKROOT = iphoneos;
				VALIDATE_PRODUCT = YES;
			};
			name = Release;
		};
		8CEB2A191B939C26005FFC2B /* Debug */ = {
			isa = XCBuildConfiguration;
			buildSettings = {
				ASSETCATALOG_COMPILER_APPICON_NAME = AppIcon;
				INFOPLIST_FILE = NoteList/Info.plist;
				LD_RUNPATH_SEARCH_PATHS = "$(inherited) @executable_path/Frameworks";
				PRODUCT_NAME = "$(TARGET_NAME)";
			};
			name = Debug;
		};
		8CEB2A1A1B939C26005FFC2B /* Release */ = {
			isa = XCBuildConfiguration;
			buildSettings = {
				ASSETCATALOG_COMPILER_APPICON_NAME = AppIcon;
				INFOPLIST_FILE = NoteList/Info.plist;
				LD_RUNPATH_SEARCH_PATHS = "$(inherited) @executable_path/Frameworks";
				PRODUCT_NAME = "$(TARGET_NAME)";
			};
			name = Release;
		};
		8CEB2A1C1B939C26005FFC2B /* Debug */ = {
			isa = XCBuildConfiguration;
			buildSettings = {
				BUNDLE_LOADER = "$(TEST_HOST)";
				FRAMEWORK_SEARCH_PATHS = (
					"$(SDKROOT)/Developer/Library/Frameworks",
					"$(inherited)",
				);
				GCC_PREPROCESSOR_DEFINITIONS = (
					"DEBUG=1",
					"$(inherited)",
				);
				INFOPLIST_FILE = NoteListTests/Info.plist;
				LD_RUNPATH_SEARCH_PATHS = "$(inherited) @executable_path/Frameworks @loader_path/Frameworks";
				PRODUCT_NAME = "$(TARGET_NAME)";
				TEST_HOST = "$(BUILT_PRODUCTS_DIR)/NoteList.app/NoteList";
			};
			name = Debug;
		};
		8CEB2A1D1B939C26005FFC2B /* Release */ = {
			isa = XCBuildConfiguration;
			buildSettings = {
				BUNDLE_LOADER = "$(TEST_HOST)";
				FRAMEWORK_SEARCH_PATHS = (
					"$(SDKROOT)/Developer/Library/Frameworks",
					"$(inherited)",
				);
				INFOPLIST_FILE = NoteListTests/Info.plist;
				LD_RUNPATH_SEARCH_PATHS = "$(inherited) @executable_path/Frameworks @loader_path/Frameworks";
				PRODUCT_NAME = "$(TARGET_NAME)";
				TEST_HOST = "$(BUILT_PRODUCTS_DIR)/NoteList.app/NoteList";
			};
			name = Release;
		};
/* End XCBuildConfiguration section */

/* Begin XCConfigurationList section */
		8CEB29F41B939C25005FFC2B /* Build configuration list for PBXProject "NoteList" */ = {
			isa = XCConfigurationList;
			buildConfigurations = (
				8CEB2A161B939C26005FFC2B /* Debug */,
				8CEB2A171B939C26005FFC2B /* Release */,
			);
			defaultConfigurationIsVisible = 0;
			defaultConfigurationName = Release;
		};
		8CEB2A181B939C26005FFC2B /* Build configuration list for PBXNativeTarget "NoteList" */ = {
			isa = XCConfigurationList;
			buildConfigurations = (
				8CEB2A191B939C26005FFC2B /* Debug */,
				8CEB2A1A1B939C26005FFC2B /* Release */,
			);
			defaultConfigurationIsVisible = 0;
		};
		8CEB2A1B1B939C26005FFC2B /* Build configuration list for PBXNativeTarget "NoteListTests" */ = {
			isa = XCConfigurationList;
			buildConfigurations = (
				8CEB2A1C1B939C26005FFC2B /* Debug */,
				8CEB2A1D1B939C26005FFC2B /* Release */,
			);
			defaultConfigurationIsVisible = 0;
		};
/* End XCConfigurationList section */
	};
	rootObject = 8CEB29F11B939C25005FFC2B /* Project object */;
}
